
Microsoft Visual Studio Solution File, Format Version 12.00
# Visual Studio Version 17
VisualStudioVersion = 17.8.34511.84
MinimumVisualStudioVersion = 10.0.40219.1
Project("{FAE04EC0-301F-11D3-BF4B-00C04F79EFBC}") = "AlertHawk.Authentication", "AlertHawk.Authentication\AlertHawk.Authentication.csproj", "{438C3A2A-C82C-4899-B2FE-F250791FCB85}"
EndProject
Global
	GlobalSection(SolutionConfigurationPlatforms) = preSolution
		Debug|Any CPU = Debug|Any CPU
		Release|Any CPU = Release|Any CPU
	EndGlobalSection
	GlobalSection(ProjectConfigurationPlatforms) = postSolution
		{438C3A2A-C82C-4899-B2FE-F250791FCB85}.Debug|Any CPU.ActiveCfg = Debug|Any CPU
		{438C3A2A-C82C-4899-B2FE-F250791FCB85}.Debug|Any CPU.Build.0 = Debug|Any CPU
		{438C3A2A-C82C-4899-B2FE-F250791FCB85}.Release|Any CPU.ActiveCfg = Release|Any CPU
		{438C3A2A-C82C-4899-B2FE-F250791FCB85}.Release|Any CPU.Build.0 = Release|Any CPU
	EndGlobalSection
	GlobalSection(SolutionProperties) = preSolution
		HideSolutionNode = FALSE
	EndGlobalSection
	GlobalSection(ExtensibilityGlobals) = postSolution
		SolutionGuid = {73E21C51-F612-4169-86DA-5B8F30581A7B}
	EndGlobalSection
EndGlobal
