
Microsoft Visual Studio Solution File, Format Version 12.00
# Visual Studio Version 17
VisualStudioVersion = 17.8.34511.84
MinimumVisualStudioVersion = 10.0.40219.1
Project("{FAE04EC0-301F-11D3-BF4B-00C04F79EFBC}") = "AlertHawk.Monitoring", "AlertHawk.Monitoring\AlertHawk.Monitoring.csproj", "{57B948FC-E585-4DE3-A393-A5148CC6A9E4}"
EndProject
Project("{FAE04EC0-301F-11D3-BF4B-00C04F79EFBC}") = "AlertHawk.Monitoring.Domain", "AlertHawk.Monitoring.Domain\AlertHawk.Monitoring.Domain.csproj", "{19F9F7FF-DB62-4183-B2FC-728CA7F620D5}"
EndProject
Project("{FAE04EC0-301F-11D3-BF4B-00C04F79EFBC}") = "AlertHawk.Monitoring.Infrastructure", "AlertHawk.Monitoring.Infrastructure\AlertHawk.Monitoring.Infrastructure.csproj", "{00660E27-FCDF-49A6-A224-1456C35418F1}"
EndProject
Global
	GlobalSection(SolutionConfigurationPlatforms) = preSolution
		Debug|Any CPU = Debug|Any CPU
		Release|Any CPU = Release|Any CPU
	EndGlobalSection
	GlobalSection(ProjectConfigurationPlatforms) = postSolution
		{57B948FC-E585-4DE3-A393-A5148CC6A9E4}.Debug|Any CPU.ActiveCfg = Debug|Any CPU
		{57B948FC-E585-4DE3-A393-A5148CC6A9E4}.Debug|Any CPU.Build.0 = Debug|Any CPU
		{57B948FC-E585-4DE3-A393-A5148CC6A9E4}.Release|Any CPU.ActiveCfg = Release|Any CPU
		{57B948FC-E585-4DE3-A393-A5148CC6A9E4}.Release|Any CPU.Build.0 = Release|Any CPU
		{19F9F7FF-DB62-4183-B2FC-728CA7F620D5}.Debug|Any CPU.ActiveCfg = Debug|Any CPU
		{19F9F7FF-DB62-4183-B2FC-728CA7F620D5}.Debug|Any CPU.Build.0 = Debug|Any CPU
		{19F9F7FF-DB62-4183-B2FC-728CA7F620D5}.Release|Any CPU.ActiveCfg = Release|Any CPU
		{19F9F7FF-DB62-4183-B2FC-728CA7F620D5}.Release|Any CPU.Build.0 = Release|Any CPU
		{00660E27-FCDF-49A6-A224-1456C35418F1}.Debug|Any CPU.ActiveCfg = Debug|Any CPU
		{00660E27-FCDF-49A6-A224-1456C35418F1}.Debug|Any CPU.Build.0 = Debug|Any CPU
		{00660E27-FCDF-49A6-A224-1456C35418F1}.Release|Any CPU.ActiveCfg = Release|Any CPU
		{00660E27-FCDF-49A6-A224-1456C35418F1}.Release|Any CPU.Build.0 = Release|Any CPU
	EndGlobalSection
	GlobalSection(SolutionProperties) = preSolution
		HideSolutionNode = FALSE
	EndGlobalSection
	GlobalSection(ExtensibilityGlobals) = postSolution
		SolutionGuid = {BF058E2B-21DF-42A9-8697-29F4B4470F9D}
	EndGlobalSection
EndGlobal
