
Microsoft Visual Studio Solution File, Format Version 12.00
Project("{FAE04EC0-301F-11D3-BF4B-00C04F79EFBC}") = "AlertHawk.Notification", "AlertHawk.Notification\AlertHawk.Notification.csproj", "{BE50CF71-DCE2-4A7A-BE7A-9BF57C316D7E}"
EndProject
Project("{FAE04EC0-301F-11D3-BF4B-00C04F79EFBC}") = "AlertHawk.Notification.Domain", "AlertHawk.Notification.Domain\AlertHawk.Notification.Domain.csproj", "{D23BD20F-D509-46B0-8344-0AA0148E037C}"
EndProject
Project("{FAE04EC0-301F-11D3-BF4B-00C04F79EFBC}") = "AlertHawk.Notification.Model", "AlertHawk.Notification.Model\AlertHawk.Notification.Model.csproj", "{2F8C1EEB-56EC-47C4-9274-28E3191666B5}"
EndProject
Global
	GlobalSection(SolutionConfigurationPlatforms) = preSolution
		Debug|Any CPU = Debug|Any CPU
		Release|Any CPU = Release|Any CPU
	EndGlobalSection
	GlobalSection(ProjectConfigurationPlatforms) = postSolution
		{BE50CF71-DCE2-4A7A-BE7A-9BF57C316D7E}.Debug|Any CPU.ActiveCfg = Debug|Any CPU
		{BE50CF71-DCE2-4A7A-BE7A-9BF57C316D7E}.Debug|Any CPU.Build.0 = Debug|Any CPU
		{BE50CF71-DCE2-4A7A-BE7A-9BF57C316D7E}.Release|Any CPU.ActiveCfg = Release|Any CPU
		{BE50CF71-DCE2-4A7A-BE7A-9BF57C316D7E}.Release|Any CPU.Build.0 = Release|Any CPU
		{D23BD20F-D509-46B0-8344-0AA0148E037C}.Debug|Any CPU.ActiveCfg = Debug|Any CPU
		{D23BD20F-D509-46B0-8344-0AA0148E037C}.Debug|Any CPU.Build.0 = Debug|Any CPU
		{D23BD20F-D509-46B0-8344-0AA0148E037C}.Release|Any CPU.ActiveCfg = Release|Any CPU
		{D23BD20F-D509-46B0-8344-0AA0148E037C}.Release|Any CPU.Build.0 = Release|Any CPU
		{2F8C1EEB-56EC-47C4-9274-28E3191666B5}.Debug|Any CPU.ActiveCfg = Debug|Any CPU
		{2F8C1EEB-56EC-47C4-9274-28E3191666B5}.Debug|Any CPU.Build.0 = Debug|Any CPU
		{2F8C1EEB-56EC-47C4-9274-28E3191666B5}.Release|Any CPU.ActiveCfg = Release|Any CPU
		{2F8C1EEB-56EC-47C4-9274-28E3191666B5}.Release|Any CPU.Build.0 = Release|Any CPU
	EndGlobalSection
EndGlobal
