
Microsoft Visual Studio Solution File, Format Version 12.00
# Visual Studio Version 17
VisualStudioVersion = 17.8.34511.84
MinimumVisualStudioVersion = 10.0.40219.1
Project("{FAE04EC0-301F-11D3-BF4B-00C04F79EFBC}") = "AlertHawk.Notification", "AlertHawk.Notification\AlertHawk.Notification.csproj", "{068E306F-1E97-4ED4-AF19-A5093A69628A}"
EndProject
Project("{FAE04EC0-301F-11D3-BF4B-00C04F79EFBC}") = "AlertHawk.Notification.Tests", "AlertHawk.Notification.Tests\AlertHawk.Notification.Tests.csproj", "{5C7942AE-F11E-49F9-BC76-F69DE4D82C92}"
EndProject
Project("{FAE04EC0-301F-11D3-BF4B-00C04F79EFBC}") = "AlertHawk.Notification.Domain", "AlertHawk.Notification.Domain\AlertHawk.Notification.Domain.csproj", "{5D8D7E6B-A54C-4F2E-BA19-1B272C3CAAA0}"
EndProject
Project("{FAE04EC0-301F-11D3-BF4B-00C04F79EFBC}") = "AlertHawk.Notification.Infrastructure", "AlertHawk.Notification.Infrastructure\AlertHawk.Notification.Infrastructure.csproj", "{EDB62BAE-0F51-4688-A66F-90877CF9601F}"
EndProject
Global
	GlobalSection(SolutionConfigurationPlatforms) = preSolution
		Debug|Any CPU = Debug|Any CPU
		Release|Any CPU = Release|Any CPU
	EndGlobalSection
	GlobalSection(ProjectConfigurationPlatforms) = postSolution
		{068E306F-1E97-4ED4-AF19-A5093A69628A}.Debug|Any CPU.ActiveCfg = Debug|Any CPU
		{068E306F-1E97-4ED4-AF19-A5093A69628A}.Debug|Any CPU.Build.0 = Debug|Any CPU
		{068E306F-1E97-4ED4-AF19-A5093A69628A}.Release|Any CPU.ActiveCfg = Release|Any CPU
		{068E306F-1E97-4ED4-AF19-A5093A69628A}.Release|Any CPU.Build.0 = Release|Any CPU
		{5C7942AE-F11E-49F9-BC76-F69DE4D82C92}.Debug|Any CPU.ActiveCfg = Debug|Any CPU
		{5C7942AE-F11E-49F9-BC76-F69DE4D82C92}.Debug|Any CPU.Build.0 = Debug|Any CPU
		{5C7942AE-F11E-49F9-BC76-F69DE4D82C92}.Release|Any CPU.ActiveCfg = Release|Any CPU
		{5C7942AE-F11E-49F9-BC76-F69DE4D82C92}.Release|Any CPU.Build.0 = Release|Any CPU
		{5D8D7E6B-A54C-4F2E-BA19-1B272C3CAAA0}.Debug|Any CPU.ActiveCfg = Debug|Any CPU
		{5D8D7E6B-A54C-4F2E-BA19-1B272C3CAAA0}.Debug|Any CPU.Build.0 = Debug|Any CPU
		{5D8D7E6B-A54C-4F2E-BA19-1B272C3CAAA0}.Release|Any CPU.ActiveCfg = Release|Any CPU
		{5D8D7E6B-A54C-4F2E-BA19-1B272C3CAAA0}.Release|Any CPU.Build.0 = Release|Any CPU
		{EDB62BAE-0F51-4688-A66F-90877CF9601F}.Debug|Any CPU.ActiveCfg = Debug|Any CPU
		{EDB62BAE-0F51-4688-A66F-90877CF9601F}.Debug|Any CPU.Build.0 = Debug|Any CPU
		{EDB62BAE-0F51-4688-A66F-90877CF9601F}.Release|Any CPU.ActiveCfg = Release|Any CPU
		{EDB62BAE-0F51-4688-A66F-90877CF9601F}.Release|Any CPU.Build.0 = Release|Any CPU
	EndGlobalSection
	GlobalSection(SolutionProperties) = preSolution
		HideSolutionNode = FALSE
	EndGlobalSection
	GlobalSection(ExtensibilityGlobals) = postSolution
		SolutionGuid = {F640E6B5-5BCF-4FE4-8407-006AC672AD2C}
	EndGlobalSection
EndGlobal
